// !$*UTF8*$!
{
	archiveVersion = 1;
	classes = {
	};
	objectVersion = 46;
	objects = {

/* Begin PBXBuildFile section */
		1F8E039C1F15709000DFFC1A /* main.m in Sources */ = {isa = PBXBuildFile; fileRef = 1F8E039B1F15709000DFFC1A /* main.m */; };
		1F8E039F1F15709000DFFC1A /* AppDelegate.m in Sources */ = {isa = PBXBuildFile; fileRef = 1F8E039E1F15709000DFFC1A /* AppDelegate.m */; };
		1F8E03A21F15709000DFFC1A /* ViewController.m in Sources */ = {isa = PBXBuildFile; fileRef = 1F8E03A11F15709000DFFC1A /* ViewController.m */; };
		1F8E03A51F15709000DFFC1A /* Main.storyboard in Resources */ = {isa = PBXBuildFile; fileRef = 1F8E03A31F15709000DFFC1A /* Main.storyboard */; };
		1F8E03A71F15709000DFFC1A /* Assets.xcassets in Resources */ = {isa = PBXBuildFile; fileRef = 1F8E03A61F15709000DFFC1A /* Assets.xcassets */; };
		1F8E03AA1F15709000DFFC1A /* LaunchScreen.storyboard in Resources */ = {isa = PBXBuildFile; fileRef = 1F8E03A81F15709000DFFC1A /* LaunchScreen.storyboard */; };
		1F8E03B51F15709000DFFC1A /* HelpersTests.m in Sources */ = {isa = PBXBuildFile; fileRef = 1F8E03B41F15709000DFFC1A /* HelpersTests.m */; };
		1F8E03C01F15709100DFFC1A /* HelpersUITests.m in Sources */ = {isa = PBXBuildFile; fileRef = 1F8E03BF1F15709100DFFC1A /* HelpersUITests.m */; };
		1F8E03D31F15717900DFFC1A /* UIAlertController+Window.m in Sources */ = {isa = PBXBuildFile; fileRef = 1F8E03D21F15717900DFFC1A /* UIAlertController+Window.m */; };
/* End PBXBuildFile section */

/* Begin PBXContainerItemProxy section */
		1F8E03B11F15709000DFFC1A /* PBXContainerItemProxy */ = {
			isa = PBXContainerItemProxy;
			containerPortal = 1F8E038F1F15709000DFFC1A /* Project object */;
			proxyType = 1;
			remoteGlobalIDString = 1F8E03961F15709000DFFC1A;
			remoteInfo = Helpers;
		};
		1F8E03BC1F15709100DFFC1A /* PBXContainerItemProxy */ = {
			isa = PBXContainerItemProxy;
			containerPortal = 1F8E038F1F15709000DFFC1A /* Project object */;
			proxyType = 1;
			remoteGlobalIDString = 1F8E03961F15709000DFFC1A;
			remoteInfo = Helpers;
		};
/* End PBXContainerItemProxy section */

/* Begin PBXFileReference section */
		1F8E03971F15709000DFFC1A /* Helpers.app */ = {isa = PBXFileReference; explicitFileType = wrapper.application; includeInIndex = 0; path = Helpers.app; sourceTree = BUILT_PRODUCTS_DIR; };
		1F8E039B1F15709000DFFC1A /* main.m */ = {isa = PBXFileReference; lastKnownFileType = sourcecode.c.objc; path = main.m; sourceTree = "<group>"; };
		1F8E039D1F15709000DFFC1A /* AppDelegate.h */ = {isa = PBXFileReference; lastKnownFileType = sourcecode.c.h; path = AppDelegate.h; sourceTree = "<group>"; };
		1F8E039E1F15709000DFFC1A /* AppDelegate.m */ = {isa = PBXFileReference; lastKnownFileType = sourcecode.c.objc; path = AppDelegate.m; sourceTree = "<group>"; };
		1F8E03A01F15709000DFFC1A /* ViewController.h */ = {isa = PBXFileReference; lastKnownFileType = sourcecode.c.h; path = ViewController.h; sourceTree = "<group>"; };
		1F8E03A11F15709000DFFC1A /* ViewController.m */ = {isa = PBXFileReference; lastKnownFileType = sourcecode.c.objc; path = ViewController.m; sourceTree = "<group>"; };
		1F8E03A41F15709000DFFC1A /* Base */ = {isa = PBXFileReference; lastKnownFileType = file.storyboard; name = Base; path = Base.lproj/Main.storyboard; sourceTree = "<group>"; };
		1F8E03A61F15709000DFFC1A /* Assets.xcassets */ = {isa = PBXFileReference; lastKnownFileType = folder.assetcatalog; path = Assets.xcassets; sourceTree = "<group>"; };
		1F8E03A91F15709000DFFC1A /* Base */ = {isa = PBXFileReference; lastKnownFileType = file.storyboard; name = Base; path = Base.lproj/LaunchScreen.storyboard; sourceTree = "<group>"; };
		1F8E03AB1F15709000DFFC1A /* Info.plist */ = {isa = PBXFileReference; lastKnownFileType = text.plist.xml; path = Info.plist; sourceTree = "<group>"; };
		1F8E03B01F15709000DFFC1A /* HelpersTests.xctest */ = {isa = PBXFileReference; explicitFileType = wrapper.cfbundle; includeInIndex = 0; path = HelpersTests.xctest; sourceTree = BUILT_PRODUCTS_DIR; };
		1F8E03B41F15709000DFFC1A /* HelpersTests.m */ = {isa = PBXFileReference; lastKnownFileType = sourcecode.c.objc; path = HelpersTests.m; sourceTree = "<group>"; };
		1F8E03B61F15709000DFFC1A /* Info.plist */ = {isa = PBXFileReference; lastKnownFileType = text.plist.xml; path = Info.plist; sourceTree = "<group>"; };
		1F8E03BB1F15709100DFFC1A /* HelpersUITests.xctest */ = {isa = PBXFileReference; explicitFileType = wrapper.cfbundle; includeInIndex = 0; path = HelpersUITests.xctest; sourceTree = BUILT_PRODUCTS_DIR; };
		1F8E03BF1F15709100DFFC1A /* HelpersUITests.m */ = {isa = PBXFileReference; lastKnownFileType = sourcecode.c.objc; path = HelpersUITests.m; sourceTree = "<group>"; };
		1F8E03C11F15709100DFFC1A /* Info.plist */ = {isa = PBXFileReference; lastKnownFileType = text.plist.xml; path = Info.plist; sourceTree = "<group>"; };
		1F8E03D11F15717900DFFC1A /* UIAlertController+Window.h */ = {isa = PBXFileReference; fileEncoding = 4; lastKnownFileType = sourcecode.c.h; path = "UIAlertController+Window.h"; sourceTree = "<group>"; };
		1F8E03D21F15717900DFFC1A /* UIAlertController+Window.m */ = {isa = PBXFileReference; fileEncoding = 4; lastKnownFileType = sourcecode.c.objc; path = "UIAlertController+Window.m"; sourceTree = "<group>"; };
/* End PBXFileReference section */

/* Begin PBXFrameworksBuildPhase section */
		1F8E03941F15709000DFFC1A /* Frameworks */ = {
			isa = PBXFrameworksBuildPhase;
			buildActionMask = 2147483647;
			files = (
			);
			runOnlyForDeploymentPostprocessing = 0;
		};
		1F8E03AD1F15709000DFFC1A /* Frameworks */ = {
			isa = PBXFrameworksBuildPhase;
			buildActionMask = 2147483647;
			files = (
			);
			runOnlyForDeploymentPostprocessing = 0;
		};
		1F8E03B81F15709100DFFC1A /* Frameworks */ = {
			isa = PBXFrameworksBuildPhase;
			buildActionMask = 2147483647;
			files = (
			);
			runOnlyForDeploymentPostprocessing = 0;
		};
/* End PBXFrameworksBuildPhase section */

/* Begin PBXGroup section */
		1F8E038E1F15709000DFFC1A = {
			isa = PBXGroup;
			children = (
				1F8E03991F15709000DFFC1A /* Helpers */,
				1F8E03B31F15709000DFFC1A /* HelpersTests */,
				1F8E03BE1F15709100DFFC1A /* HelpersUITests */,
				1F8E03981F15709000DFFC1A /* Products */,
			);
			sourceTree = "<group>";
		};
		1F8E03981F15709000DFFC1A /* Products */ = {
			isa = PBXGroup;
			children = (
				1F8E03971F15709000DFFC1A /* Helpers.app */,
				1F8E03B01F15709000DFFC1A /* HelpersTests.xctest */,
				1F8E03BB1F15709100DFFC1A /* HelpersUITests.xctest */,
			);
			name = Products;
			sourceTree = "<group>";
		};
		1F8E03991F15709000DFFC1A /* Helpers */ = {
			isa = PBXGroup;
			children = (
				1F8E03D01F15712A00DFFC1A /* Categories */,
				1F8E039D1F15709000DFFC1A /* AppDelegate.h */,
				1F8E039E1F15709000DFFC1A /* AppDelegate.m */,
				1F8E03A01F15709000DFFC1A /* ViewController.h */,
				1F8E03A11F15709000DFFC1A /* ViewController.m */,
				1F8E03A31F15709000DFFC1A /* Main.storyboard */,
				1F8E03A61F15709000DFFC1A /* Assets.xcassets */,
				1F8E03A81F15709000DFFC1A /* LaunchScreen.storyboard */,
				1F8E03AB1F15709000DFFC1A /* Info.plist */,
				1F8E039A1F15709000DFFC1A /* Supporting Files */,
			);
			path = Helpers;
			sourceTree = "<group>";
		};
		1F8E039A1F15709000DFFC1A /* Supporting Files */ = {
			isa = PBXGroup;
			children = (
				1F8E039B1F15709000DFFC1A /* main.m */,
			);
			name = "Supporting Files";
			sourceTree = "<group>";
		};
		1F8E03B31F15709000DFFC1A /* HelpersTests */ = {
			isa = PBXGroup;
			children = (
				1F8E03B41F15709000DFFC1A /* HelpersTests.m */,
				1F8E03B61F15709000DFFC1A /* Info.plist */,
			);
			path = HelpersTests;
			sourceTree = "<group>";
		};
		1F8E03BE1F15709100DFFC1A /* HelpersUITests */ = {
			isa = PBXGroup;
			children = (
				1F8E03BF1F15709100DFFC1A /* HelpersUITests.m */,
				1F8E03C11F15709100DFFC1A /* Info.plist */,
			);
			path = HelpersUITests;
			sourceTree = "<group>";
		};
		1F8E03D01F15712A00DFFC1A /* Categories */ = {
			isa = PBXGroup;
			children = (
				1F8E03D11F15717900DFFC1A /* UIAlertController+Window.h */,
				1F8E03D21F15717900DFFC1A /* UIAlertController+Window.m */,
			);
			path = Categories;
			sourceTree = "<group>";
		};
/* End PBXGroup section */

/* Begin PBXNativeTarget section */
		1F8E03961F15709000DFFC1A /* Helpers */ = {
			isa = PBXNativeTarget;
			buildConfigurationList = 1F8E03C41F15709100DFFC1A /* Build configuration list for PBXNativeTarget "Helpers" */;
			buildPhases = (
				1F8E03931F15709000DFFC1A /* Sources */,
				1F8E03941F15709000DFFC1A /* Frameworks */,
				1F8E03951F15709000DFFC1A /* Resources */,
			);
			buildRules = (
			);
			dependencies = (
			);
			name = Helpers;
			productName = Helpers;
			productReference = 1F8E03971F15709000DFFC1A /* Helpers.app */;
			productType = "com.apple.product-type.application";
		};
		1F8E03AF1F15709000DFFC1A /* HelpersTests */ = {
			isa = PBXNativeTarget;
			buildConfigurationList = 1F8E03C71F15709100DFFC1A /* Build configuration list for PBXNativeTarget "HelpersTests" */;
			buildPhases = (
				1F8E03AC1F15709000DFFC1A /* Sources */,
				1F8E03AD1F15709000DFFC1A /* Frameworks */,
				1F8E03AE1F15709000DFFC1A /* Resources */,
			);
			buildRules = (
			);
			dependencies = (
				1F8E03B21F15709000DFFC1A /* PBXTargetDependency */,
			);
			name = HelpersTests;
			productName = HelpersTests;
			productReference = 1F8E03B01F15709000DFFC1A /* HelpersTests.xctest */;
			productType = "com.apple.product-type.bundle.unit-test";
		};
		1F8E03BA1F15709100DFFC1A /* HelpersUITests */ = {
			isa = PBXNativeTarget;
			buildConfigurationList = 1F8E03CA1F15709100DFFC1A /* Build configuration list for PBXNativeTarget "HelpersUITests" */;
			buildPhases = (
				1F8E03B71F15709100DFFC1A /* Sources */,
				1F8E03B81F15709100DFFC1A /* Frameworks */,
				1F8E03B91F15709100DFFC1A /* Resources */,
			);
			buildRules = (
			);
			dependencies = (
				1F8E03BD1F15709100DFFC1A /* PBXTargetDependency */,
			);
			name = HelpersUITests;
			productName = HelpersUITests;
			productReference = 1F8E03BB1F15709100DFFC1A /* HelpersUITests.xctest */;
			productType = "com.apple.product-type.bundle.ui-testing";
		};
/* End PBXNativeTarget section */

/* Begin PBXProject section */
		1F8E038F1F15709000DFFC1A /* Project object */ = {
			isa = PBXProject;
			attributes = {
				LastUpgradeCheck = 0830;
				ORGANIZATIONNAME = Troyan;
				TargetAttributes = {
					1F8E03961F15709000DFFC1A = {
						CreatedOnToolsVersion = 8.3.3;
						DevelopmentTeam = 4GS8479XS6;
						ProvisioningStyle = Automatic;
					};
					1F8E03AF1F15709000DFFC1A = {
						CreatedOnToolsVersion = 8.3.3;
						ProvisioningStyle = Automatic;
						TestTargetID = 1F8E03961F15709000DFFC1A;
					};
					1F8E03BA1F15709100DFFC1A = {
						CreatedOnToolsVersion = 8.3.3;
						ProvisioningStyle = Automatic;
						TestTargetID = 1F8E03961F15709000DFFC1A;
					};
				};
			};
			buildConfigurationList = 1F8E03921F15709000DFFC1A /* Build configuration list for PBXProject "Helpers" */;
			compatibilityVersion = "Xcode 3.2";
			developmentRegion = English;
			hasScannedForEncodings = 0;
			knownRegions = (
				en,
				Base,
			);
			mainGroup = 1F8E038E1F15709000DFFC1A;
			productRefGroup = 1F8E03981F15709000DFFC1A /* Products */;
			projectDirPath = "";
			projectRoot = "";
			targets = (
				1F8E03961F15709000DFFC1A /* Helpers */,
				1F8E03AF1F15709000DFFC1A /* HelpersTests */,
				1F8E03BA1F15709100DFFC1A /* HelpersUITests */,
			);
		};
/* End PBXProject section */

/* Begin PBXResourcesBuildPhase section */
		1F8E03951F15709000DFFC1A /* Resources */ = {
			isa = PBXResourcesBuildPhase;
			buildActionMask = 2147483647;
			files = (
				1F8E03AA1F15709000DFFC1A /* LaunchScreen.storyboard in Resources */,
				1F8E03A71F15709000DFFC1A /* Assets.xcassets in Resources */,
				1F8E03A51F15709000DFFC1A /* Main.storyboard in Resources */,
			);
			runOnlyForDeploymentPostprocessing = 0;
		};
		1F8E03AE1F15709000DFFC1A /* Resources */ = {
			isa = PBXResourcesBuildPhase;
			buildActionMask = 2147483647;
			files = (
			);
			runOnlyForDeploymentPostprocessing = 0;
		};
		1F8E03B91F15709100DFFC1A /* Resources */ = {
			isa = PBXResourcesBuildPhase;
			buildActionMask = 2147483647;
			files = (
			);
			runOnlyForDeploymentPostprocessing = 0;
		};
/* End PBXResourcesBuildPhase section */

/* Begin PBXSourcesBuildPhase section */
		1F8E03931F15709000DFFC1A /* Sources */ = {
			isa = PBXSourcesBuildPhase;
			buildActionMask = 2147483647;
			files = (
				1F8E03A21F15709000DFFC1A /* ViewController.m in Sources */,
				1F8E039F1F15709000DFFC1A /* AppDelegate.m in Sources */,
				1F8E03D31F15717900DFFC1A /* UIAlertController+Window.m in Sources */,
				1F8E039C1F15709000DFFC1A /* main.m in Sources */,
			);
			runOnlyForDeploymentPostprocessing = 0;
		};
		1F8E03AC1F15709000DFFC1A /* Sources */ = {
			isa = PBXSourcesBuildPhase;
			buildActionMask = 2147483647;
			files = (
				1F8E03B51F15709000DFFC1A /* HelpersTests.m in Sources */,
			);
			runOnlyForDeploymentPostprocessing = 0;
		};
		1F8E03B71F15709100DFFC1A /* Sources */ = {
			isa = PBXSourcesBuildPhase;
			buildActionMask = 2147483647;
			files = (
				1F8E03C01F15709100DFFC1A /* HelpersUITests.m in Sources */,
			);
			runOnlyForDeploymentPostprocessing = 0;
		};
/* End PBXSourcesBuildPhase section */

/* Begin PBXTargetDependency section */
		1F8E03B21F15709000DFFC1A /* PBXTargetDependency */ = {
			isa = PBXTargetDependency;
			target = 1F8E03961F15709000DFFC1A /* Helpers */;
			targetProxy = 1F8E03B11F15709000DFFC1A /* PBXContainerItemProxy */;
		};
		1F8E03BD1F15709100DFFC1A /* PBXTargetDependency */ = {
			isa = PBXTargetDependency;
			target = 1F8E03961F15709000DFFC1A /* Helpers */;
			targetProxy = 1F8E03BC1F15709100DFFC1A /* PBXContainerItemProxy */;
		};
/* End PBXTargetDependency section */

/* Begin PBXVariantGroup section */
		1F8E03A31F15709000DFFC1A /* Main.storyboard */ = {
			isa = PBXVariantGroup;
			children = (
				1F8E03A41F15709000DFFC1A /* Base */,
			);
			name = Main.storyboard;
			sourceTree = "<group>";
		};
		1F8E03A81F15709000DFFC1A /* LaunchScreen.storyboard */ = {
			isa = PBXVariantGroup;
			children = (
				1F8E03A91F15709000DFFC1A /* Base */,
			);
			name = LaunchScreen.storyboard;
			sourceTree = "<group>";
		};
/* End PBXVariantGroup section */

/* Begin XCBuildConfiguration section */
		1F8E03C21F15709100DFFC1A /* Debug */ = {
			isa = XCBuildConfiguration;
			buildSettings = {
				ALWAYS_SEARCH_USER_PATHS = NO;
				CLANG_ANALYZER_NONNULL = YES;
				CLANG_ANALYZER_NUMBER_OBJECT_CONVERSION = YES_AGGRESSIVE;
				CLANG_CXX_LANGUAGE_STANDARD = "gnu++0x";
				CLANG_CXX_LIBRARY = "libc++";
				CLANG_ENABLE_MODULES = YES;
				CLANG_ENABLE_OBJC_ARC = YES;
				CLANG_WARN_BOOL_CONVERSION = YES;
				CLANG_WARN_CONSTANT_CONVERSION = YES;
				CLANG_WARN_DIRECT_OBJC_ISA_USAGE = YES_ERROR;
				CLANG_WARN_DOCUMENTATION_COMMENTS = YES;
				CLANG_WARN_EMPTY_BODY = YES;
				CLANG_WARN_ENUM_CONVERSION = YES;
				CLANG_WARN_INFINITE_RECURSION = YES;
				CLANG_WARN_INT_CONVERSION = YES;
				CLANG_WARN_OBJC_ROOT_CLASS = YES_ERROR;
				CLANG_WARN_SUSPICIOUS_MOVE = YES;
				CLANG_WARN_UNREACHABLE_CODE = YES;
				CLANG_WARN__DUPLICATE_METHOD_MATCH = YES;
				"CODE_SIGN_IDENTITY[sdk=iphoneos*]" = "iPhone Developer";
				COPY_PHASE_STRIP = NO;
				DEBUG_INFORMATION_FORMAT = dwarf;
				ENABLE_STRICT_OBJC_MSGSEND = YES;
				ENABLE_TESTABILITY = YES;
				GCC_C_LANGUAGE_STANDARD = gnu99;
				GCC_DYNAMIC_NO_PIC = NO;
				GCC_NO_COMMON_BLOCKS = YES;
				GCC_OPTIMIZATION_LEVEL = 0;
				GCC_PREPROCESSOR_DEFINITIONS = (
					"DEBUG=1",
					"$(inherited)",
				);
				GCC_WARN_64_TO_32_BIT_CONVERSION = YES;
				GCC_WARN_ABOUT_RETURN_TYPE = YES_ERROR;
				GCC_WARN_UNDECLARED_SELECTOR = YES;
				GCC_WARN_UNINITIALIZED_AUTOS = YES_AGGRESSIVE;
				GCC_WARN_UNUSED_FUNCTION = YES;
				GCC_WARN_UNUSED_VARIABLE = YES;
				IPHONEOS_DEPLOYMENT_TARGET = 10.3;
				MTL_ENABLE_DEBUG_INFO = YES;
				ONLY_ACTIVE_ARCH = YES;
				SDKROOT = iphoneos;
			};
			name = Debug;
		};
		1F8E03C31F15709100DFFC1A /* Release */ = {
			isa = XCBuildConfiguration;
			buildSettings = {
				ALWAYS_SEARCH_USER_PATHS = NO;
				CLANG_ANALYZER_NONNULL = YES;
				CLANG_ANALYZER_NUMBER_OBJECT_CONVERSION = YES_AGGRESSIVE;
				CLANG_CXX_LANGUAGE_STANDARD = "gnu++0x";
				CLANG_CXX_LIBRARY = "libc++";
				CLANG_ENABLE_MODULES = YES;
				CLANG_ENABLE_OBJC_ARC = YES;
				CLANG_WARN_BOOL_CONVERSION = YES;
				CLANG_WARN_CONSTANT_CONVERSION = YES;
				CLANG_WARN_DIRECT_OBJC_ISA_USAGE = YES_ERROR;
				CLANG_WARN_DOCUMENTATION_COMMENTS = YES;
				CLANG_WARN_EMPTY_BODY = YES;
				CLANG_WARN_ENUM_CONVERSION = YES;
				CLANG_WARN_INFINITE_RECURSION = YES;
				CLANG_WARN_INT_CONVERSION = YES;
				CLANG_WARN_OBJC_ROOT_CLASS = YES_ERROR;
				CLANG_WARN_SUSPICIOUS_MOVE = YES;
				CLANG_WARN_UNREACHABLE_CODE = YES;
				CLANG_WARN__DUPLICATE_METHOD_MATCH = YES;
				"CODE_SIGN_IDENTITY[sdk=iphoneos*]" = "iPhone Developer";
				COPY_PHASE_STRIP = NO;
				DEBUG_INFORMATION_FORMAT = "dwarf-with-dsym";
				ENABLE_NS_ASSERTIONS = NO;
				ENABLE_STRICT_OBJC_MSGSEND = YES;
				GCC_C_LANGUAGE_STANDARD = gnu99;
				GCC_NO_COMMON_BLOCKS = YES;
				GCC_WARN_64_TO_32_BIT_CONVERSION = YES;
				GCC_WARN_ABOUT_RETURN_TYPE = YES_ERROR;
				GCC_WARN_UNDECLARED_SELECTOR = YES;
				GCC_WARN_UNINITIALIZED_AUTOS = YES_AGGRESSIVE;
				GCC_WARN_UNUSED_FUNCTION = YES;
				GCC_WARN_UNUSED_VARIABLE = YES;
				IPHONEOS_DEPLOYMENT_TARGET = 10.3;
				MTL_ENABLE_DEBUG_INFO = NO;
				SDKROOT = iphoneos;
				VALIDATE_PRODUCT = YES;
			};
			name = Release;
		};
		1F8E03C51F15709100DFFC1A /* Debug */ = {
			isa = XCBuildConfiguration;
			buildSettings = {
				ASSETCATALOG_COMPILER_APPICON_NAME = AppIcon;
				DEVELOPMENT_TEAM = 4GS8479XS6;
				INFOPLIST_FILE = Helpers/Info.plist;
				IPHONEOS_DEPLOYMENT_TARGET = 10.0;
				LD_RUNPATH_SEARCH_PATHS = "$(inherited) @executable_path/Frameworks";
				PRODUCT_BUNDLE_IDENTIFIER = UT.Helpers;
				PRODUCT_NAME = "$(TARGET_NAME)";
			};
			name = Debug;
		};
		1F8E03C61F15709100DFFC1A /* Release */ = {
			isa = XCBuildConfiguration;
			buildSettings = {
				ASSETCATALOG_COMPILER_APPICON_NAME = AppIcon;
				DEVELOPMENT_TEAM = 4GS8479XS6;
				INFOPLIST_FILE = Helpers/Info.plist;
				IPHONEOS_DEPLOYMENT_TARGET = 10.0;
				LD_RUNPATH_SEARCH_PATHS = "$(inherited) @executable_path/Frameworks";
				PRODUCT_BUNDLE_IDENTIFIER = UT.Helpers;
				PRODUCT_NAME = "$(TARGET_NAME)";
			};
			name = Release;
		};
		1F8E03C81F15709100DFFC1A /* Debug */ = {
			isa = XCBuildConfiguration;
			buildSettings = {
				BUNDLE_LOADER = "$(TEST_HOST)";
				INFOPLIST_FILE = HelpersTests/Info.plist;
				LD_RUNPATH_SEARCH_PATHS = "$(inherited) @executable_path/Frameworks @loader_path/Frameworks";
				PRODUCT_BUNDLE_IDENTIFIER = UT.HelpersTests;
				PRODUCT_NAME = "$(TARGET_NAME)";
				TEST_HOST = "$(BUILT_PRODUCTS_DIR)/Helpers.app/Helpers";
			};
			name = Debug;
		};
		1F8E03C91F15709100DFFC1A /* Release */ = {
			isa = XCBuildConfiguration;
			buildSettings = {
				BUNDLE_LOADER = "$(TEST_HOST)";
				INFOPLIST_FILE = HelpersTests/Info.plist;
				LD_RUNPATH_SEARCH_PATHS = "$(inherited) @executable_path/Frameworks @loader_path/Frameworks";
				PRODUCT_BUNDLE_IDENTIFIER = UT.HelpersTests;
				PRODUCT_NAME = "$(TARGET_NAME)";
				TEST_HOST = "$(BUILT_PRODUCTS_DIR)/Helpers.app/Helpers";
			};
			name = Release;
		};
		1F8E03CB1F15709100DFFC1A /* Debug */ = {
			isa = XCBuildConfiguration;
			buildSettings = {
				INFOPLIST_FILE = HelpersUITests/Info.plist;
				LD_RUNPATH_SEARCH_PATHS = "$(inherited) @executable_path/Frameworks @loader_path/Frameworks";
				PRODUCT_BUNDLE_IDENTIFIER = UT.HelpersUITests;
				PRODUCT_NAME = "$(TARGET_NAME)";
				TEST_TARGET_NAME = Helpers;
			};
			name = Debug;
		};
		1F8E03CC1F15709100DFFC1A /* Release */ = {
			isa = XCBuildConfiguration;
			buildSettings = {
				INFOPLIST_FILE = HelpersUITests/Info.plist;
				LD_RUNPATH_SEARCH_PATHS = "$(inherited) @executable_path/Frameworks @loader_path/Frameworks";
				PRODUCT_BUNDLE_IDENTIFIER = UT.HelpersUITests;
				PRODUCT_NAME = "$(TARGET_NAME)";
				TEST_TARGET_NAME = Helpers;
			};
			name = Release;
		};
/* End XCBuildConfiguration section */

/* Begin XCConfigurationList section */
		1F8E03921F15709000DFFC1A /* Build configuration list for PBXProject "Helpers" */ = {
			isa = XCConfigurationList;
			buildConfigurations = (
				1F8E03C21F15709100DFFC1A /* Debug */,
				1F8E03C31F15709100DFFC1A /* Release */,
			);
			defaultConfigurationIsVisible = 0;
			defaultConfigurationName = Release;
		};
		1F8E03C41F15709100DFFC1A /* Build configuration list for PBXNativeTarget "Helpers" */ = {
			isa = XCConfigurationList;
			buildConfigurations = (
				1F8E03C51F15709100DFFC1A /* Debug */,
				1F8E03C61F15709100DFFC1A /* Release */,
			);
			defaultConfigurationIsVisible = 0;
			defaultConfigurationName = Release;
		};
		1F8E03C71F15709100DFFC1A /* Build configuration list for PBXNativeTarget "HelpersTests" */ = {
			isa = XCConfigurationList;
			buildConfigurations = (
				1F8E03C81F15709100DFFC1A /* Debug */,
				1F8E03C91F15709100DFFC1A /* Release */,
			);
			defaultConfigurationIsVisible = 0;
			defaultConfigurationName = Release;
		};
		1F8E03CA1F15709100DFFC1A /* Build configuration list for PBXNativeTarget "HelpersUITests" */ = {
			isa = XCConfigurationList;
			buildConfigurations = (
				1F8E03CB1F15709100DFFC1A /* Debug */,
				1F8E03CC1F15709100DFFC1A /* Release */,
			);
			defaultConfigurationIsVisible = 0;
			defaultConfigurationName = Release;
		};
/* End XCConfigurationList section */
	};
	rootObject = 1F8E038F1F15709000DFFC1A /* Project object */;
}
